// !$*UTF8*$!
{
	archiveVersion = 1;
	classes = {
	};
	objectVersion = 46;
	objects = {

/* Begin PBXBuildFile section */
		641DFFB83EB021E413D5EBD3 /* libPods.a in Frameworks */ = {isa = PBXBuildFile; fileRef = B041CB9C793DACF867151694 /* libPods.a */; };
		FC0BB17E1BB15E47001E34E7 /* HBPageViewController.m in Sources */ = {isa = PBXBuildFile; fileRef = FC0BB17D1BB15E47001E34E7 /* HBPageViewController.m */; };
		FC0BB1821BB16AE0001E34E7 /* GPSChartViewController.m in Sources */ = {isa = PBXBuildFile; fileRef = FC0BB1801BB16AE0001E34E7 /* GPSChartViewController.m */; };
		FC0BB1831BB16AE0001E34E7 /* GPSChartViewController.xib in Resources */ = {isa = PBXBuildFile; fileRef = FC0BB1811BB16AE0001E34E7 /* GPSChartViewController.xib */; };
		FC0BB1871BB16B57001E34E7 /* GPSSummaryViewController.m in Sources */ = {isa = PBXBuildFile; fileRef = FC0BB1851BB16B57001E34E7 /* GPSSummaryViewController.m */; };
		FC0BB1881BB16B57001E34E7 /* GPSSummaryViewController.xib in Resources */ = {isa = PBXBuildFile; fileRef = FC0BB1861BB16B57001E34E7 /* GPSSummaryViewController.xib */; };
		FC0D92181BB2461C0085FB69 /* GPSMenuCell.xib in Resources */ = {isa = PBXBuildFile; fileRef = FC0D92171BB2461C0085FB69 /* GPSMenuCell.xib */; };
		FC0D921C1BB25E780085FB69 /* GPSAccountViewController.m in Sources */ = {isa = PBXBuildFile; fileRef = FC0D921A1BB25E780085FB69 /* GPSAccountViewController.m */; };
		FC0D921D1BB25E780085FB69 /* GPSAccountViewController.xib in Resources */ = {isa = PBXBuildFile; fileRef = FC0D921B1BB25E780085FB69 /* GPSAccountViewController.xib */; };
		FC0D921F1BB25F2A0085FB69 /* GPSAdminList.plist in Resources */ = {isa = PBXBuildFile; fileRef = FC0D921E1BB25F2A0085FB69 /* GPSAdminList.plist */; };
		FC0D92271BB260730085FB69 /* GPSUserViewController.m in Sources */ = {isa = PBXBuildFile; fileRef = FC0D92251BB260730085FB69 /* GPSUserViewController.m */; };
		FC0D92281BB260730085FB69 /* GPSUserViewController.xib in Resources */ = {isa = PBXBuildFile; fileRef = FC0D92261BB260730085FB69 /* GPSUserViewController.xib */; };
		FC0D922C1BB260830085FB69 /* GPSGroupViewController.m in Sources */ = {isa = PBXBuildFile; fileRef = FC0D922A1BB260830085FB69 /* GPSGroupViewController.m */; };
		FC0D922D1BB260830085FB69 /* GPSGroupViewController.xib in Resources */ = {isa = PBXBuildFile; fileRef = FC0D922B1BB260830085FB69 /* GPSGroupViewController.xib */; };
		FC0D92311BB260900085FB69 /* GPSDeviceViewController.m in Sources */ = {isa = PBXBuildFile; fileRef = FC0D922F1BB260900085FB69 /* GPSDeviceViewController.m */; };
		FC0D92321BB260900085FB69 /* GPSDeviceViewController.xib in Resources */ = {isa = PBXBuildFile; fileRef = FC0D92301BB260900085FB69 /* GPSDeviceViewController.xib */; };
		FC0D923C1BB290040085FB69 /* NIDropDown.m in Sources */ = {isa = PBXBuildFile; fileRef = FC0D923B1BB290040085FB69 /* NIDropDown.m */; };
		FC0D923E1BB295F50085FB69 /* GPSOptionList.plist in Resources */ = {isa = PBXBuildFile; fileRef = FC0D923D1BB295F50085FB69 /* GPSOptionList.plist */; };
		FC5EC76D1BA7FC1100017F5C /* main.m in Sources */ = {isa = PBXBuildFile; fileRef = FC5EC76C1BA7FC1100017F5C /* main.m */; };
		FC5EC7701BA7FC1100017F5C /* AppDelegate.m in Sources */ = {isa = PBXBuildFile; fileRef = FC5EC76F1BA7FC1100017F5C /* AppDelegate.m */; };
		FC5EC7731BA7FC1100017F5C /* GPSHandle.xcdatamodeld in Sources */ = {isa = PBXBuildFile; fileRef = FC5EC7711BA7FC1100017F5C /* GPSHandle.xcdatamodeld */; };
		FC5EC7761BA7FC1100017F5C /* ViewController.m in Sources */ = {isa = PBXBuildFile; fileRef = FC5EC7751BA7FC1100017F5C /* ViewController.m */; };
		FC5EC7791BA7FC1100017F5C /* Main.storyboard in Resources */ = {isa = PBXBuildFile; fileRef = FC5EC7771BA7FC1100017F5C /* Main.storyboard */; };
		FC5EC77B1BA7FC1100017F5C /* Images.xcassets in Resources */ = {isa = PBXBuildFile; fileRef = FC5EC77A1BA7FC1100017F5C /* Images.xcassets */; };
		FC5EC77E1BA7FC1100017F5C /* LaunchScreen.xib in Resources */ = {isa = PBXBuildFile; fileRef = FC5EC77C1BA7FC1100017F5C /* LaunchScreen.xib */; };
		FC5EC78A1BA7FC1200017F5C /* GPSHandleTests.m in Sources */ = {isa = PBXBuildFile; fileRef = FC5EC7891BA7FC1200017F5C /* GPSHandleTests.m */; };
		FC5EC7971BA7FF0700017F5C /* GPSLogInViewController.m in Sources */ = {isa = PBXBuildFile; fileRef = FC5EC7951BA7FF0700017F5C /* GPSLogInViewController.m */; };
		FC5EC7981BA7FF0700017F5C /* GPSLogInViewController.xib in Resources */ = {isa = PBXBuildFile; fileRef = FC5EC7961BA7FF0700017F5C /* GPSLogInViewController.xib */; };
		FC5EC7AE1BA804B800017F5C /* LTNavigationViewController.m in Sources */ = {isa = PBXBuildFile; fileRef = FC5EC7A91BA804B800017F5C /* LTNavigationViewController.m */; };
		FC5EC7AF1BA804B800017F5C /* UINavigationController+login.m in Sources */ = {isa = PBXBuildFile; fileRef = FC5EC7AB1BA804B800017F5C /* UINavigationController+login.m */; };
		FC5EC7B01BA804B800017F5C /* UIViewController+setupNavigation.m in Sources */ = {isa = PBXBuildFile; fileRef = FC5EC7AD1BA804B800017F5C /* UIViewController+setupNavigation.m */; };
		FC5EC7B61BA80A9600017F5C /* NSObject+Extension_Category.m in Sources */ = {isa = PBXBuildFile; fileRef = FC5EC7B51BA80A9600017F5C /* NSObject+Extension_Category.m */; };
		FC5EC7BA1BA80AB100017F5C /* LTRequest.m in Sources */ = {isa = PBXBuildFile; fileRef = FC5EC7B91BA80AB100017F5C /* LTRequest.m */; };
		FC5EC7BE1BA80D0000017F5C /* GPSMapViewController.m in Sources */ = {isa = PBXBuildFile; fileRef = FC5EC7BC1BA80D0000017F5C /* GPSMapViewController.m */; };
		FC5EC7BF1BA80D0000017F5C /* GPSMapViewController.xib in Resources */ = {isa = PBXBuildFile; fileRef = FC5EC7BD1BA80D0000017F5C /* GPSMapViewController.xib */; };
		FC5EC7C11BA8162300017F5C /* MapKit.framework in Frameworks */ = {isa = PBXBuildFile; fileRef = FC5EC7C01BA8162300017F5C /* MapKit.framework */; };
		FC5EC7C31BA9059600017F5C /* LTNavigationViewController.xib in Resources */ = {isa = PBXBuildFile; fileRef = FC5EC7C21BA9059600017F5C /* LTNavigationViewController.xib */; };
		FC5EC7C81BA90B3A00017F5C /* MJPopupBackgroundView.m in Sources */ = {isa = PBXBuildFile; fileRef = FC5EC7C51BA90B3A00017F5C /* MJPopupBackgroundView.m */; };
		FC5EC7C91BA90B3A00017F5C /* UIViewController+MJPopupViewController.m in Sources */ = {isa = PBXBuildFile; fileRef = FC5EC7C71BA90B3A00017F5C /* UIViewController+MJPopupViewController.m */; };
		FC5EC7CE1BA90BC900017F5C /* GPSMenuViewController.m in Sources */ = {isa = PBXBuildFile; fileRef = FC5EC7CC1BA90BC900017F5C /* GPSMenuViewController.m */; };
		FC5EC7CF1BA90BC900017F5C /* GPSMenuViewController.xib in Resources */ = {isa = PBXBuildFile; fileRef = FC5EC7CD1BA90BC900017F5C /* GPSMenuViewController.xib */; };
		FC5EC7D11BA914AA00017F5C /* MenuList.plist in Resources */ = {isa = PBXBuildFile; fileRef = FC5EC7D01BA914AA00017F5C /* MenuList.plist */; };
		FC5EC7D61BA945A600017F5C /* GPSAdminViewController.m in Sources */ = {isa = PBXBuildFile; fileRef = FC5EC7D41BA945A600017F5C /* GPSAdminViewController.m */; };
		FC5EC7D71BA945A600017F5C /* GPSAdminViewController.xib in Resources */ = {isa = PBXBuildFile; fileRef = FC5EC7D51BA945A600017F5C /* GPSAdminViewController.xib */; };
		FC5EC7DC1BA945DB00017F5C /* GPSOverViewController.m in Sources */ = {isa = PBXBuildFile; fileRef = FC5EC7DA1BA945DB00017F5C /* GPSOverViewController.m */; };
		FC5EC7DD1BA945DB00017F5C /* GPSOverViewController.xib in Resources */ = {isa = PBXBuildFile; fileRef = FC5EC7DB1BA945DB00017F5C /* GPSOverViewController.xib */; };
		FCAB8CB61BB3978600FF5884 /* GPSCell.xib in Resources */ = {isa = PBXBuildFile; fileRef = FCAB8CB51BB3978600FF5884 /* GPSCell.xib */; };
/* End PBXBuildFile section */

/* Begin PBXContainerItemProxy section */
		FC5EC7841BA7FC1100017F5C /* PBXContainerItemProxy */ = {
			isa = PBXContainerItemProxy;
			containerPortal = FC5EC75F1BA7FC1100017F5C /* Project object */;
			proxyType = 1;
			remoteGlobalIDString = FC5EC7661BA7FC1100017F5C;
			remoteInfo = GPSHandle;
		};
/* End PBXContainerItemProxy section */

/* Begin PBXFileReference section */
		A4898B45E6C3A1D25DEDC1A5 /* Pods.release.xcconfig */ = {isa = PBXFileReference; includeInIndex = 1; lastKnownFileType = text.xcconfig; name = Pods.release.xcconfig; path = "Pods/Target Support Files/Pods/Pods.release.xcconfig"; sourceTree = "<group>"; };
		B041CB9C793DACF867151694 /* libPods.a */ = {isa = PBXFileReference; explicitFileType = archive.ar; includeInIndex = 0; path = libPods.a; sourceTree = BUILT_PRODUCTS_DIR; };
		DAC2B816E2C60FDCA86973A0 /* Pods.debug.xcconfig */ = {isa = PBXFileReference; includeInIndex = 1; lastKnownFileType = text.xcconfig; name = Pods.debug.xcconfig; path = "Pods/Target Support Files/Pods/Pods.debug.xcconfig"; sourceTree = "<group>"; };
		FC0BB17C1BB15E47001E34E7 /* HBPageViewController.h */ = {isa = PBXFileReference; fileEncoding = 4; lastKnownFileType = sourcecode.c.h; path = HBPageViewController.h; sourceTree = "<group>"; };
		FC0BB17D1BB15E47001E34E7 /* HBPageViewController.m */ = {isa = PBXFileReference; fileEncoding = 4; lastKnownFileType = sourcecode.c.objc; path = HBPageViewController.m; sourceTree = "<group>"; };
		FC0BB17F1BB16AE0001E34E7 /* GPSChartViewController.h */ = {isa = PBXFileReference; fileEncoding = 4; lastKnownFileType = sourcecode.c.h; path = GPSChartViewController.h; sourceTree = "<group>"; };
		FC0BB1801BB16AE0001E34E7 /* GPSChartViewController.m */ = {isa = PBXFileReference; fileEncoding = 4; lastKnownFileType = sourcecode.c.objc; path = GPSChartViewController.m; sourceTree = "<group>"; };
		FC0BB1811BB16AE0001E34E7 /* GPSChartViewController.xib */ = {isa = PBXFileReference; fileEncoding = 4; lastKnownFileType = file.xib; path = GPSChartViewController.xib; sourceTree = "<group>"; };
		FC0BB1841BB16B57001E34E7 /* GPSSummaryViewController.h */ = {isa = PBXFileReference; fileEncoding = 4; lastKnownFileType = sourcecode.c.h; path = GPSSummaryViewController.h; sourceTree = "<group>"; };
		FC0BB1851BB16B57001E34E7 /* GPSSummaryViewController.m */ = {isa = PBXFileReference; fileEncoding = 4; lastKnownFileType = sourcecode.c.objc; path = GPSSummaryViewController.m; sourceTree = "<group>"; };
		FC0BB1861BB16B57001E34E7 /* GPSSummaryViewController.xib */ = {isa = PBXFileReference; fileEncoding = 4; lastKnownFileType = file.xib; path = GPSSummaryViewController.xib; sourceTree = "<group>"; };
		FC0D92171BB2461C0085FB69 /* GPSMenuCell.xib */ = {isa = PBXFileReference; fileEncoding = 4; lastKnownFileType = file.xib; path = GPSMenuCell.xib; sourceTree = "<group>"; };
		FC0D92191BB25E780085FB69 /* GPSAccountViewController.h */ = {isa = PBXFileReference; fileEncoding = 4; lastKnownFileType = sourcecode.c.h; path = GPSAccountViewController.h; sourceTree = "<group>"; };
		FC0D921A1BB25E780085FB69 /* GPSAccountViewController.m */ = {isa = PBXFileReference; fileEncoding = 4; lastKnownFileType = sourcecode.c.objc; path = GPSAccountViewController.m; sourceTree = "<group>"; };
		FC0D921B1BB25E780085FB69 /* GPSAccountViewController.xib */ = {isa = PBXFileReference; fileEncoding = 4; lastKnownFileType = file.xib; path = GPSAccountViewController.xib; sourceTree = "<group>"; };
		FC0D921E1BB25F2A0085FB69 /* GPSAdminList.plist */ = {isa = PBXFileReference; fileEncoding = 4; lastKnownFileType = text.plist.xml; path = GPSAdminList.plist; sourceTree = "<group>"; };
		FC0D92241BB260730085FB69 /* GPSUserViewController.h */ = {isa = PBXFileReference; fileEncoding = 4; lastKnownFileType = sourcecode.c.h; path = GPSUserViewController.h; sourceTree = "<group>"; };
		FC0D92251BB260730085FB69 /* GPSUserViewController.m */ = {isa = PBXFileReference; fileEncoding = 4; lastKnownFileType = sourcecode.c.objc; path = GPSUserViewController.m; sourceTree = "<group>"; };
		FC0D92261BB260730085FB69 /* GPSUserViewController.xib */ = {isa = PBXFileReference; fileEncoding = 4; lastKnownFileType = file.xib; path = GPSUserViewController.xib; sourceTree = "<group>"; };
		FC0D92291BB260830085FB69 /* GPSGroupViewController.h */ = {isa = PBXFileReference; fileEncoding = 4; lastKnownFileType = sourcecode.c.h; path = GPSGroupViewController.h; sourceTree = "<group>"; };
		FC0D922A1BB260830085FB69 /* GPSGroupViewController.m */ = {isa = PBXFileReference; fileEncoding = 4; lastKnownFileType = sourcecode.c.objc; path = GPSGroupViewController.m; sourceTree = "<group>"; };
		FC0D922B1BB260830085FB69 /* GPSGroupViewController.xib */ = {isa = PBXFileReference; fileEncoding = 4; lastKnownFileType = file.xib; path = GPSGroupViewController.xib; sourceTree = "<group>"; };
		FC0D922E1BB260900085FB69 /* GPSDeviceViewController.h */ = {isa = PBXFileReference; fileEncoding = 4; lastKnownFileType = sourcecode.c.h; path = GPSDeviceViewController.h; sourceTree = "<group>"; };
		FC0D922F1BB260900085FB69 /* GPSDeviceViewController.m */ = {isa = PBXFileReference; fileEncoding = 4; lastKnownFileType = sourcecode.c.objc; path = GPSDeviceViewController.m; sourceTree = "<group>"; };
		FC0D92301BB260900085FB69 /* GPSDeviceViewController.xib */ = {isa = PBXFileReference; fileEncoding = 4; lastKnownFileType = file.xib; path = GPSDeviceViewController.xib; sourceTree = "<group>"; };
		FC0D923A1BB290040085FB69 /* NIDropDown.h */ = {isa = PBXFileReference; fileEncoding = 4; lastKnownFileType = sourcecode.c.h; name = NIDropDown.h; path = category/NIDropDown.h; sourceTree = "<group>"; };
		FC0D923B1BB290040085FB69 /* NIDropDown.m */ = {isa = PBXFileReference; fileEncoding = 4; lastKnownFileType = sourcecode.c.objc; name = NIDropDown.m; path = category/NIDropDown.m; sourceTree = "<group>"; };
		FC0D923D1BB295F50085FB69 /* GPSOptionList.plist */ = {isa = PBXFileReference; fileEncoding = 4; lastKnownFileType = text.plist.xml; path = GPSOptionList.plist; sourceTree = "<group>"; };
		FC5EC7671BA7FC1100017F5C /* GPSHandle.app */ = {isa = PBXFileReference; explicitFileType = wrapper.application; includeInIndex = 0; path = GPSHandle.app; sourceTree = BUILT_PRODUCTS_DIR; };
		FC5EC76B1BA7FC1100017F5C /* Info.plist */ = {isa = PBXFileReference; lastKnownFileType = text.plist.xml; path = Info.plist; sourceTree = "<group>"; };
		FC5EC76C1BA7FC1100017F5C /* main.m */ = {isa = PBXFileReference; lastKnownFileType = sourcecode.c.objc; path = main.m; sourceTree = "<group>"; };
		FC5EC76E1BA7FC1100017F5C /* AppDelegate.h */ = {isa = PBXFileReference; lastKnownFileType = sourcecode.c.h; path = AppDelegate.h; sourceTree = "<group>"; };
		FC5EC76F1BA7FC1100017F5C /* AppDelegate.m */ = {isa = PBXFileReference; lastKnownFileType = sourcecode.c.objc; path = AppDelegate.m; sourceTree = "<group>"; };
		FC5EC7721BA7FC1100017F5C /* GPSHandle.xcdatamodel */ = {isa = PBXFileReference; lastKnownFileType = wrapper.xcdatamodel; path = GPSHandle.xcdatamodel; sourceTree = "<group>"; };
		FC5EC7741BA7FC1100017F5C /* ViewController.h */ = {isa = PBXFileReference; lastKnownFileType = sourcecode.c.h; path = ViewController.h; sourceTree = "<group>"; };
		FC5EC7751BA7FC1100017F5C /* ViewController.m */ = {isa = PBXFileReference; lastKnownFileType = sourcecode.c.objc; path = ViewController.m; sourceTree = "<group>"; };
		FC5EC7781BA7FC1100017F5C /* Base */ = {isa = PBXFileReference; lastKnownFileType = file.storyboard; name = Base; path = Base.lproj/Main.storyboard; sourceTree = "<group>"; };
		FC5EC77A1BA7FC1100017F5C /* Images.xcassets */ = {isa = PBXFileReference; lastKnownFileType = folder.assetcatalog; path = Images.xcassets; sourceTree = "<group>"; };
		FC5EC77D1BA7FC1100017F5C /* Base */ = {isa = PBXFileReference; lastKnownFileType = file.xib; name = Base; path = Base.lproj/LaunchScreen.xib; sourceTree = "<group>"; };
		FC5EC7831BA7FC1100017F5C /* GPSHandleTests.xctest */ = {isa = PBXFileReference; explicitFileType = wrapper.cfbundle; includeInIndex = 0; path = GPSHandleTests.xctest; sourceTree = BUILT_PRODUCTS_DIR; };
		FC5EC7881BA7FC1200017F5C /* Info.plist */ = {isa = PBXFileReference; lastKnownFileType = text.plist.xml; path = Info.plist; sourceTree = "<group>"; };
		FC5EC7891BA7FC1200017F5C /* GPSHandleTests.m */ = {isa = PBXFileReference; lastKnownFileType = sourcecode.c.objc; path = GPSHandleTests.m; sourceTree = "<group>"; };
		FC5EC7941BA7FF0700017F5C /* GPSLogInViewController.h */ = {isa = PBXFileReference; fileEncoding = 4; lastKnownFileType = sourcecode.c.h; path = GPSLogInViewController.h; sourceTree = "<group>"; };
		FC5EC7951BA7FF0700017F5C /* GPSLogInViewController.m */ = {isa = PBXFileReference; fileEncoding = 4; lastKnownFileType = sourcecode.c.objc; path = GPSLogInViewController.m; sourceTree = "<group>"; };
		FC5EC7961BA7FF0700017F5C /* GPSLogInViewController.xib */ = {isa = PBXFileReference; fileEncoding = 4; lastKnownFileType = file.xib; path = GPSLogInViewController.xib; sourceTree = "<group>"; };
		FC5EC79A1BA7FF5E00017F5C /* PrefixHeader.pch */ = {isa = PBXFileReference; lastKnownFileType = sourcecode.c.h; path = PrefixHeader.pch; sourceTree = "<group>"; };
		FC5EC7A81BA804B800017F5C /* LTNavigationViewController.h */ = {isa = PBXFileReference; fileEncoding = 4; lastKnownFileType = sourcecode.c.h; name = LTNavigationViewController.h; path = navigation/LTNavigationViewController.h; sourceTree = "<group>"; };
		FC5EC7A91BA804B800017F5C /* LTNavigationViewController.m */ = {isa = PBXFileReference; fileEncoding = 4; lastKnownFileType = sourcecode.c.objc; name = LTNavigationViewController.m; path = navigation/LTNavigationViewController.m; sourceTree = "<group>"; };
		FC5EC7AA1BA804B800017F5C /* UINavigationController+login.h */ = {isa = PBXFileReference; fileEncoding = 4; lastKnownFileType = sourcecode.c.h; name = "UINavigationController+login.h"; path = "navigation/UINavigationController+login.h"; sourceTree = "<group>"; };
		FC5EC7AB1BA804B800017F5C /* UINavigationController+login.m */ = {isa = PBXFileReference; fileEncoding = 4; lastKnownFileType = sourcecode.c.objc; name = "UINavigationController+login.m"; path = "navigation/UINavigationController+login.m"; sourceTree = "<group>"; };
		FC5EC7AC1BA804B800017F5C /* UIViewController+setupNavigation.h */ = {isa = PBXFileReference; fileEncoding = 4; lastKnownFileType = sourcecode.c.h; name = "UIViewController+setupNavigation.h"; path = "navigation/UIViewController+setupNavigation.h"; sourceTree = "<group>"; };
		FC5EC7AD1BA804B800017F5C /* UIViewController+setupNavigation.m */ = {isa = PBXFileReference; fileEncoding = 4; lastKnownFileType = sourcecode.c.objc; name = "UIViewController+setupNavigation.m"; path = "navigation/UIViewController+setupNavigation.m"; sourceTree = "<group>"; };
		FC5EC7B41BA80A9600017F5C /* NSObject+Extension_Category.h */ = {isa = PBXFileReference; fileEncoding = 4; lastKnownFileType = sourcecode.c.h; name = "NSObject+Extension_Category.h"; path = "category/NSObject+Extension_Category.h"; sourceTree = "<group>"; };
		FC5EC7B51BA80A9600017F5C /* NSObject+Extension_Category.m */ = {isa = PBXFileReference; fileEncoding = 4; lastKnownFileType = sourcecode.c.objc; name = "NSObject+Extension_Category.m"; path = "category/NSObject+Extension_Category.m"; sourceTree = "<group>"; };
		FC5EC7B81BA80AB100017F5C /* LTRequest.h */ = {isa = PBXFileReference; fileEncoding = 4; lastKnownFileType = sourcecode.c.h; name = LTRequest.h; path = request/LTRequest.h; sourceTree = "<group>"; };
		FC5EC7B91BA80AB100017F5C /* LTRequest.m */ = {isa = PBXFileReference; fileEncoding = 4; lastKnownFileType = sourcecode.c.objc; name = LTRequest.m; path = request/LTRequest.m; sourceTree = "<group>"; };
		FC5EC7BB1BA80D0000017F5C /* GPSMapViewController.h */ = {isa = PBXFileReference; fileEncoding = 4; lastKnownFileType = sourcecode.c.h; path = GPSMapViewController.h; sourceTree = "<group>"; };
		FC5EC7BC1BA80D0000017F5C /* GPSMapViewController.m */ = {isa = PBXFileReference; fileEncoding = 4; lastKnownFileType = sourcecode.c.objc; path = GPSMapViewController.m; sourceTree = "<group>"; };
		FC5EC7BD1BA80D0000017F5C /* GPSMapViewController.xib */ = {isa = PBXFileReference; fileEncoding = 4; lastKnownFileType = file.xib; path = GPSMapViewController.xib; sourceTree = "<group>"; };
		FC5EC7C01BA8162300017F5C /* MapKit.framework */ = {isa = PBXFileReference; lastKnownFileType = wrapper.framework; name = MapKit.framework; path = System/Library/Frameworks/MapKit.framework; sourceTree = SDKROOT; };
		FC5EC7C21BA9059600017F5C /* LTNavigationViewController.xib */ = {isa = PBXFileReference; fileEncoding = 4; lastKnownFileType = file.xib; path = LTNavigationViewController.xib; sourceTree = "<group>"; };
		FC5EC7C41BA90B3A00017F5C /* MJPopupBackgroundView.h */ = {isa = PBXFileReference; fileEncoding = 4; lastKnownFileType = sourcecode.c.h; name = MJPopupBackgroundView.h; path = navigation/MJPopupBackgroundView.h; sourceTree = "<group>"; };
		FC5EC7C51BA90B3A00017F5C /* MJPopupBackgroundView.m */ = {isa = PBXFileReference; fileEncoding = 4; lastKnownFileType = sourcecode.c.objc; name = MJPopupBackgroundView.m; path = navigation/MJPopupBackgroundView.m; sourceTree = "<group>"; };
		FC5EC7C61BA90B3A00017F5C /* UIViewController+MJPopupViewController.h */ = {isa = PBXFileReference; fileEncoding = 4; lastKnownFileType = sourcecode.c.h; name = "UIViewController+MJPopupViewController.h"; path = "navigation/UIViewController+MJPopupViewController.h"; sourceTree = "<group>"; };
		FC5EC7C71BA90B3A00017F5C /* UIViewController+MJPopupViewController.m */ = {isa = PBXFileReference; fileEncoding = 4; lastKnownFileType = sourcecode.c.objc; name = "UIViewController+MJPopupViewController.m"; path = "navigation/UIViewController+MJPopupViewController.m"; sourceTree = "<group>"; };
		FC5EC7CB1BA90BC900017F5C /* GPSMenuViewController.h */ = {isa = PBXFileReference; fileEncoding = 4; lastKnownFileType = sourcecode.c.h; path = GPSMenuViewController.h; sourceTree = "<group>"; };
		FC5EC7CC1BA90BC900017F5C /* GPSMenuViewController.m */ = {isa = PBXFileReference; fileEncoding = 4; lastKnownFileType = sourcecode.c.objc; path = GPSMenuViewController.m; sourceTree = "<group>"; };
		FC5EC7CD1BA90BC900017F5C /* GPSMenuViewController.xib */ = {isa = PBXFileReference; fileEncoding = 4; lastKnownFileType = file.xib; path = GPSMenuViewController.xib; sourceTree = "<group>"; };
		FC5EC7D01BA914AA00017F5C /* MenuList.plist */ = {isa = PBXFileReference; fileEncoding = 4; lastKnownFileType = text.plist.xml; path = MenuList.plist; sourceTree = "<group>"; };
		FC5EC7D31BA945A600017F5C /* GPSAdminViewController.h */ = {isa = PBXFileReference; fileEncoding = 4; lastKnownFileType = sourcecode.c.h; path = GPSAdminViewController.h; sourceTree = "<group>"; };
		FC5EC7D41BA945A600017F5C /* GPSAdminViewController.m */ = {isa = PBXFileReference; fileEncoding = 4; lastKnownFileType = sourcecode.c.objc; path = GPSAdminViewController.m; sourceTree = "<group>"; };
		FC5EC7D51BA945A600017F5C /* GPSAdminViewController.xib */ = {isa = PBXFileReference; fileEncoding = 4; lastKnownFileType = file.xib; path = GPSAdminViewController.xib; sourceTree = "<group>"; };
		FC5EC7D91BA945DB00017F5C /* GPSOverViewController.h */ = {isa = PBXFileReference; fileEncoding = 4; lastKnownFileType = sourcecode.c.h; path = GPSOverViewController.h; sourceTree = "<group>"; };
		FC5EC7DA1BA945DB00017F5C /* GPSOverViewController.m */ = {isa = PBXFileReference; fileEncoding = 4; lastKnownFileType = sourcecode.c.objc; path = GPSOverViewController.m; sourceTree = "<group>"; };
		FC5EC7DB1BA945DB00017F5C /* GPSOverViewController.xib */ = {isa = PBXFileReference; fileEncoding = 4; lastKnownFileType = file.xib; path = GPSOverViewController.xib; sourceTree = "<group>"; };
		FCAB8CB51BB3978600FF5884 /* GPSCell.xib */ = {isa = PBXFileReference; fileEncoding = 4; lastKnownFileType = file.xib; path = GPSCell.xib; sourceTree = "<group>"; };
/* End PBXFileReference section */

/* Begin PBXFrameworksBuildPhase section */
		FC5EC7641BA7FC1100017F5C /* Frameworks */ = {
			isa = PBXFrameworksBuildPhase;
			buildActionMask = 2147483647;
			files = (
				FC5EC7C11BA8162300017F5C /* MapKit.framework in Frameworks */,
				641DFFB83EB021E413D5EBD3 /* libPods.a in Frameworks */,
			);
			runOnlyForDeploymentPostprocessing = 0;
		};
		FC5EC7801BA7FC1100017F5C /* Frameworks */ = {
			isa = PBXFrameworksBuildPhase;
			buildActionMask = 2147483647;
			files = (
			);
			runOnlyForDeploymentPostprocessing = 0;
		};
/* End PBXFrameworksBuildPhase section */

/* Begin PBXGroup section */
		240378426E918B238B2AA074 /* Pods */ = {
			isa = PBXGroup;
			children = (
				DAC2B816E2C60FDCA86973A0 /* Pods.debug.xcconfig */,
				A4898B45E6C3A1D25DEDC1A5 /* Pods.release.xcconfig */,
			);
			name = Pods;
			sourceTree = "<group>";
		};
		42E9292E37EBF4609E935401 /* Frameworks */ = {
			isa = PBXGroup;
			children = (
				FC5EC7C01BA8162300017F5C /* MapKit.framework */,
				B041CB9C793DACF867151694 /* libPods.a */,
			);
			name = Frameworks;
			sourceTree = "<group>";
		};
		FC0D92201BB260060085FB69 /* AccountController */ = {
			isa = PBXGroup;
			children = (
				FC0D92191BB25E780085FB69 /* GPSAccountViewController.h */,
				FC0D921A1BB25E780085FB69 /* GPSAccountViewController.m */,
				FC0D921B1BB25E780085FB69 /* GPSAccountViewController.xib */,
			);
			name = AccountController;
			sourceTree = "<group>";
		};
		FC0D92211BB260200085FB69 /* DeviceController */ = {
			isa = PBXGroup;
			children = (
				FC0D922E1BB260900085FB69 /* GPSDeviceViewController.h */,
				FC0D922F1BB260900085FB69 /* GPSDeviceViewController.m */,
				FC0D92301BB260900085FB69 /* GPSDeviceViewController.xib */,
			);
			name = DeviceController;
			sourceTree = "<group>";
		};
		FC0D92221BB260240085FB69 /* GroupController */ = {
			isa = PBXGroup;
			children = (
				FC0D92291BB260830085FB69 /* GPSGroupViewController.h */,
				FC0D922A1BB260830085FB69 /* GPSGroupViewController.m */,
				FC0D922B1BB260830085FB69 /* GPSGroupViewController.xib */,
			);
			name = GroupController;
			sourceTree = "<group>";
		};
		FC0D92231BB260260085FB69 /* UserController */ = {
			isa = PBXGroup;
			children = (
				FC0D92241BB260730085FB69 /* GPSUserViewController.h */,
				FC0D92251BB260730085FB69 /* GPSUserViewController.m */,
				FC0D92261BB260730085FB69 /* GPSUserViewController.xib */,
				FCAB8CB51BB3978600FF5884 /* GPSCell.xib */,
			);
			name = UserController;
			sourceTree = "<group>";
		};
		FC5EC75E1BA7FC1100017F5C = {
			isa = PBXGroup;
			children = (
				FC5EC7691BA7FC1100017F5C /* GPSHandle */,
				FC5EC7861BA7FC1200017F5C /* GPSHandleTests */,
				FC5EC7681BA7FC1100017F5C /* Products */,
				240378426E918B238B2AA074 /* Pods */,
				42E9292E37EBF4609E935401 /* Frameworks */,
			);
			sourceTree = "<group>";
		};
		FC5EC7681BA7FC1100017F5C /* Products */ = {
			isa = PBXGroup;
			children = (
				FC5EC7671BA7FC1100017F5C /* GPSHandle.app */,
				FC5EC7831BA7FC1100017F5C /* GPSHandleTests.xctest */,
			);
			name = Products;
			sourceTree = "<group>";
		};
		FC5EC7691BA7FC1100017F5C /* GPSHandle */ = {
			isa = PBXGroup;
			children = (
				FC5EC7B71BA80A9F00017F5C /* Request */,
				FC5EC79B1BA8028600017F5C /* Navigation */,
				FC5EC7991BA7FF2D00017F5C /* Category */,
				FC5EC7CA1BA90BA600017F5C /* MenuController */,
				FC5EC7D81BA945B700017F5C /* OverviewController */,
				FC5EC7D21BA9458000017F5C /* AdminController */,
				FC0D92201BB260060085FB69 /* AccountController */,
				FC0D92231BB260260085FB69 /* UserController */,
				FC0D92221BB260240085FB69 /* GroupController */,
				FC0D92211BB260200085FB69 /* DeviceController */,
				FC5EC7931BA7FEDF00017F5C /* LogInController */,
				FC5EC76E1BA7FC1100017F5C /* AppDelegate.h */,
				FC5EC76F1BA7FC1100017F5C /* AppDelegate.m */,
				FC5EC7741BA7FC1100017F5C /* ViewController.h */,
				FC5EC7751BA7FC1100017F5C /* ViewController.m */,
				FC5EC7771BA7FC1100017F5C /* Main.storyboard */,
				FC5EC77A1BA7FC1100017F5C /* Images.xcassets */,
				FC5EC77C1BA7FC1100017F5C /* LaunchScreen.xib */,
				FC5EC7711BA7FC1100017F5C /* GPSHandle.xcdatamodeld */,
				FC5EC76A1BA7FC1100017F5C /* Supporting Files */,
			);
			path = GPSHandle;
			sourceTree = "<group>";
		};
		FC5EC76A1BA7FC1100017F5C /* Supporting Files */ = {
			isa = PBXGroup;
			children = (
				FC5EC76B1BA7FC1100017F5C /* Info.plist */,
				FC5EC76C1BA7FC1100017F5C /* main.m */,
				FC5EC79A1BA7FF5E00017F5C /* PrefixHeader.pch */,
			);
			name = "Supporting Files";
			sourceTree = "<group>";
		};
		FC5EC7861BA7FC1200017F5C /* GPSHandleTests */ = {
			isa = PBXGroup;
			children = (
				FC5EC7891BA7FC1200017F5C /* GPSHandleTests.m */,
				FC5EC7871BA7FC1200017F5C /* Supporting Files */,
			);
			path = GPSHandleTests;
			sourceTree = "<group>";
		};
		FC5EC7871BA7FC1200017F5C /* Supporting Files */ = {
			isa = PBXGroup;
			children = (
				FC5EC7881BA7FC1200017F5C /* Info.plist */,
			);
			name = "Supporting Files";
			sourceTree = "<group>";
		};
		FC5EC7931BA7FEDF00017F5C /* LogInController */ = {
			isa = PBXGroup;
			children = (
				FC5EC7941BA7FF0700017F5C /* GPSLogInViewController.h */,
				FC5EC7951BA7FF0700017F5C /* GPSLogInViewController.m */,
				FC5EC7961BA7FF0700017F5C /* GPSLogInViewController.xib */,
				FC5EC7BB1BA80D0000017F5C /* GPSMapViewController.h */,
				FC5EC7BC1BA80D0000017F5C /* GPSMapViewController.m */,
				FC5EC7BD1BA80D0000017F5C /* GPSMapViewController.xib */,
				FC0D923D1BB295F50085FB69 /* GPSOptionList.plist */,
			);
			name = LogInController;
			sourceTree = "<group>";
		};
		FC5EC7991BA7FF2D00017F5C /* Category */ = {
			isa = PBXGroup;
			children = (
				FC0D923A1BB290040085FB69 /* NIDropDown.h */,
				FC0D923B1BB290040085FB69 /* NIDropDown.m */,
				FC5EC7B41BA80A9600017F5C /* NSObject+Extension_Category.h */,
				FC5EC7B51BA80A9600017F5C /* NSObject+Extension_Category.m */,
			);
			name = Category;
			sourceTree = "<group>";
		};
		FC5EC79B1BA8028600017F5C /* Navigation */ = {
			isa = PBXGroup;
			children = (
				FC5EC7C41BA90B3A00017F5C /* MJPopupBackgroundView.h */,
				FC5EC7C51BA90B3A00017F5C /* MJPopupBackgroundView.m */,
				FC5EC7C61BA90B3A00017F5C /* UIViewController+MJPopupViewController.h */,
				FC5EC7C71BA90B3A00017F5C /* UIViewController+MJPopupViewController.m */,
				FC5EC7A81BA804B800017F5C /* LTNavigationViewController.h */,
				FC5EC7A91BA804B800017F5C /* LTNavigationViewController.m */,
				FC5EC7C21BA9059600017F5C /* LTNavigationViewController.xib */,
				FC5EC7AA1BA804B800017F5C /* UINavigationController+login.h */,
				FC5EC7AB1BA804B800017F5C /* UINavigationController+login.m */,
				FC5EC7AC1BA804B800017F5C /* UIViewController+setupNavigation.h */,
				FC5EC7AD1BA804B800017F5C /* UIViewController+setupNavigation.m */,
				FC0BB17C1BB15E47001E34E7 /* HBPageViewController.h */,
				FC0BB17D1BB15E47001E34E7 /* HBPageViewController.m */,
			);
			name = Navigation;
			sourceTree = "<group>";
		};
		FC5EC7B71BA80A9F00017F5C /* Request */ = {
			isa = PBXGroup;
			children = (
				FC5EC7B81BA80AB100017F5C /* LTRequest.h */,
				FC5EC7B91BA80AB100017F5C /* LTRequest.m */,
			);
			name = Request;
			sourceTree = "<group>";
		};
		FC5EC7CA1BA90BA600017F5C /* MenuController */ = {
			isa = PBXGroup;
			children = (
				FC5EC7CB1BA90BC900017F5C /* GPSMenuViewController.h */,
				FC5EC7CC1BA90BC900017F5C /* GPSMenuViewController.m */,
				FC5EC7CD1BA90BC900017F5C /* GPSMenuViewController.xib */,
				FC5EC7D01BA914AA00017F5C /* MenuList.plist */,
				FC0D92171BB2461C0085FB69 /* GPSMenuCell.xib */,
			);
			name = MenuController;
			path = ..;
			sourceTree = "<group>";
		};
		FC5EC7D21BA9458000017F5C /* AdminController */ = {
			isa = PBXGroup;
			children = (
				FC5EC7D31BA945A600017F5C /* GPSAdminViewController.h */,
				FC5EC7D41BA945A600017F5C /* GPSAdminViewController.m */,
				FC5EC7D51BA945A600017F5C /* GPSAdminViewController.xib */,
				FC0D921E1BB25F2A0085FB69 /* GPSAdminList.plist */,
			);
			name = AdminController;
			sourceTree = "<group>";
		};
		FC5EC7D81BA945B700017F5C /* OverviewController */ = {
			isa = PBXGroup;
			children = (
				FC5EC7D91BA945DB00017F5C /* GPSOverViewController.h */,
				FC5EC7DA1BA945DB00017F5C /* GPSOverViewController.m */,
				FC5EC7DB1BA945DB00017F5C /* GPSOverViewController.xib */,
				FC0BB17F1BB16AE0001E34E7 /* GPSChartViewController.h */,
				FC0BB1801BB16AE0001E34E7 /* GPSChartViewController.m */,
				FC0BB1811BB16AE0001E34E7 /* GPSChartViewController.xib */,
				FC0BB1841BB16B57001E34E7 /* GPSSummaryViewController.h */,
				FC0BB1851BB16B57001E34E7 /* GPSSummaryViewController.m */,
				FC0BB1861BB16B57001E34E7 /* GPSSummaryViewController.xib */,
			);
			name = OverviewController;
			sourceTree = "<group>";
		};
/* End PBXGroup section */

/* Begin PBXNativeTarget section */
		FC5EC7661BA7FC1100017F5C /* GPSHandle */ = {
			isa = PBXNativeTarget;
			buildConfigurationList = FC5EC78D1BA7FC1200017F5C /* Build configuration list for PBXNativeTarget "GPSHandle" */;
			buildPhases = (
				A63D2C5EA41C1C33159ABF45 /* Check Pods Manifest.lock */,
				FC5EC7631BA7FC1100017F5C /* Sources */,
				FC5EC7641BA7FC1100017F5C /* Frameworks */,
				FC5EC7651BA7FC1100017F5C /* Resources */,
				6110347D11FCB9BC844AB3BD /* Copy Pods Resources */,
			);
			buildRules = (
			);
			dependencies = (
			);
			name = GPSHandle;
			productName = GPSHandle;
			productReference = FC5EC7671BA7FC1100017F5C /* GPSHandle.app */;
			productType = "com.apple.product-type.application";
		};
		FC5EC7821BA7FC1100017F5C /* GPSHandleTests */ = {
			isa = PBXNativeTarget;
			buildConfigurationList = FC5EC7901BA7FC1200017F5C /* Build configuration list for PBXNativeTarget "GPSHandleTests" */;
			buildPhases = (
				FC5EC77F1BA7FC1100017F5C /* Sources */,
				FC5EC7801BA7FC1100017F5C /* Frameworks */,
				FC5EC7811BA7FC1100017F5C /* Resources */,
			);
			buildRules = (
			);
			dependencies = (
				FC5EC7851BA7FC1100017F5C /* PBXTargetDependency */,
			);
			name = GPSHandleTests;
			productName = GPSHandleTests;
			productReference = FC5EC7831BA7FC1100017F5C /* GPSHandleTests.xctest */;
			productType = "com.apple.product-type.bundle.unit-test";
		};
/* End PBXNativeTarget section */

/* Begin PBXProject section */
		FC5EC75F1BA7FC1100017F5C /* Project object */ = {
			isa = PBXProject;
			attributes = {
				LastUpgradeCheck = 0640;
				ORGANIZATIONNAME = lingo;
				TargetAttributes = {
					FC5EC7661BA7FC1100017F5C = {
						CreatedOnToolsVersion = 6.4;
					};
					FC5EC7821BA7FC1100017F5C = {
						CreatedOnToolsVersion = 6.4;
						TestTargetID = FC5EC7661BA7FC1100017F5C;
					};
				};
			};
			buildConfigurationList = FC5EC7621BA7FC1100017F5C /* Build configuration list for PBXProject "GPSHandle" */;
			compatibilityVersion = "Xcode 3.2";
			developmentRegion = English;
			hasScannedForEncodings = 0;
			knownRegions = (
				en,
				Base,
			);
			mainGroup = FC5EC75E1BA7FC1100017F5C;
			productRefGroup = FC5EC7681BA7FC1100017F5C /* Products */;
			projectDirPath = "";
			projectRoot = "";
			targets = (
				FC5EC7661BA7FC1100017F5C /* GPSHandle */,
				FC5EC7821BA7FC1100017F5C /* GPSHandleTests */,
			);
		};
/* End PBXProject section */

/* Begin PBXResourcesBuildPhase section */
		FC5EC7651BA7FC1100017F5C /* Resources */ = {
			isa = PBXResourcesBuildPhase;
			buildActionMask = 2147483647;
			files = (
				FC5EC7BF1BA80D0000017F5C /* GPSMapViewController.xib in Resources */,
				FC5EC7D11BA914AA00017F5C /* MenuList.plist in Resources */,
				FCAB8CB61BB3978600FF5884 /* GPSCell.xib in Resources */,
				FC0D92281BB260730085FB69 /* GPSUserViewController.xib in Resources */,
				FC0D922D1BB260830085FB69 /* GPSGroupViewController.xib in Resources */,
				FC5EC7791BA7FC1100017F5C /* Main.storyboard in Resources */,
				FC5EC7D71BA945A600017F5C /* GPSAdminViewController.xib in Resources */,
				FC0D921F1BB25F2A0085FB69 /* GPSAdminList.plist in Resources */,
				FC0D92181BB2461C0085FB69 /* GPSMenuCell.xib in Resources */,
				FC0D923E1BB295F50085FB69 /* GPSOptionList.plist in Resources */,
				FC0BB1881BB16B57001E34E7 /* GPSSummaryViewController.xib in Resources */,
				FC5EC7981BA7FF0700017F5C /* GPSLogInViewController.xib in Resources */,
				FC5EC7DD1BA945DB00017F5C /* GPSOverViewController.xib in Resources */,
				FC5EC77E1BA7FC1100017F5C /* LaunchScreen.xib in Resources */,
				FC0D921D1BB25E780085FB69 /* GPSAccountViewController.xib in Resources */,
				FC5EC7CF1BA90BC900017F5C /* GPSMenuViewController.xib in Resources */,
				FC5EC7C31BA9059600017F5C /* LTNavigationViewController.xib in Resources */,
				FC0D92321BB260900085FB69 /* GPSDeviceViewController.xib in Resources */,
				FC0BB1831BB16AE0001E34E7 /* GPSChartViewController.xib in Resources */,
				FC5EC77B1BA7FC1100017F5C /* Images.xcassets in Resources */,
			);
			runOnlyForDeploymentPostprocessing = 0;
		};
		FC5EC7811BA7FC1100017F5C /* Resources */ = {
			isa = PBXResourcesBuildPhase;
			buildActionMask = 2147483647;
			files = (
			);
			runOnlyForDeploymentPostprocessing = 0;
		};
/* End PBXResourcesBuildPhase section */

/* Begin PBXShellScriptBuildPhase section */
		6110347D11FCB9BC844AB3BD /* Copy Pods Resources */ = {
			isa = PBXShellScriptBuildPhase;
			buildActionMask = 2147483647;
			files = (
			);
			inputPaths = (
			);
			name = "Copy Pods Resources";
			outputPaths = (
			);
			runOnlyForDeploymentPostprocessing = 0;
			shellPath = /bin/sh;
			shellScript = "\"${SRCROOT}/Pods/Target Support Files/Pods/Pods-resources.sh\"\n";
			showEnvVarsInLog = 0;
		};
		A63D2C5EA41C1C33159ABF45 /* Check Pods Manifest.lock */ = {
			isa = PBXShellScriptBuildPhase;
			buildActionMask = 2147483647;
			files = (
			);
			inputPaths = (
			);
			name = "Check Pods Manifest.lock";
			outputPaths = (
			);
			runOnlyForDeploymentPostprocessing = 0;
			shellPath = /bin/sh;
			shellScript = "diff \"${PODS_ROOT}/../Podfile.lock\" \"${PODS_ROOT}/Manifest.lock\" > /dev/null\nif [[ $? != 0 ]] ; then\n    cat << EOM\nerror: The sandbox is not in sync with the Podfile.lock. Run 'pod install' or update your CocoaPods installation.\nEOM\n    exit 1\nfi\n";
			showEnvVarsInLog = 0;
		};
/* End PBXShellScriptBuildPhase section */

/* Begin PBXSourcesBuildPhase section */
		FC5EC7631BA7FC1100017F5C /* Sources */ = {
			isa = PBXSourcesBuildPhase;
			buildActionMask = 2147483647;
			files = (
				FC5EC7C91BA90B3A00017F5C /* UIViewController+MJPopupViewController.m in Sources */,
				FC5EC7701BA7FC1100017F5C /* AppDelegate.m in Sources */,
				FC0D92311BB260900085FB69 /* GPSDeviceViewController.m in Sources */,
				FC5EC7731BA7FC1100017F5C /* GPSHandle.xcdatamodeld in Sources */,
				FC5EC7761BA7FC1100017F5C /* ViewController.m in Sources */,
				FC5EC7971BA7FF0700017F5C /* GPSLogInViewController.m in Sources */,
				FC5EC7B61BA80A9600017F5C /* NSObject+Extension_Category.m in Sources */,
				FC5EC76D1BA7FC1100017F5C /* main.m in Sources */,
				FC0BB1871BB16B57001E34E7 /* GPSSummaryViewController.m in Sources */,
				FC5EC7DC1BA945DB00017F5C /* GPSOverViewController.m in Sources */,
				FC5EC7B01BA804B800017F5C /* UIViewController+setupNavigation.m in Sources */,
				FC5EC7D61BA945A600017F5C /* GPSAdminViewController.m in Sources */,
				FC5EC7CE1BA90BC900017F5C /* GPSMenuViewController.m in Sources */,
				FC0BB17E1BB15E47001E34E7 /* HBPageViewController.m in Sources */,
				FC0D922C1BB260830085FB69 /* GPSGroupViewController.m in Sources */,
				FC0D92271BB260730085FB69 /* GPSUserViewController.m in Sources */,
				FC5EC7AE1BA804B800017F5C /* LTNavigationViewController.m in Sources */,
				FC5EC7C81BA90B3A00017F5C /* MJPopupBackgroundView.m in Sources */,
				FC0BB1821BB16AE0001E34E7 /* GPSChartViewController.m in Sources */,
				FC0D923C1BB290040085FB69 /* NIDropDown.m in Sources */,
				FC5EC7BE1BA80D0000017F5C /* GPSMapViewController.m in Sources */,
				FC5EC7AF1BA804B800017F5C /* UINavigationController+login.m in Sources */,
				FC5EC7BA1BA80AB100017F5C /* LTRequest.m in Sources */,
				FC0D921C1BB25E780085FB69 /* GPSAccountViewController.m in Sources */,
			);
			runOnlyForDeploymentPostprocessing = 0;
		};
		FC5EC77F1BA7FC1100017F5C /* Sources */ = {
			isa = PBXSourcesBuildPhase;
			buildActionMask = 2147483647;
			files = (
				FC5EC78A1BA7FC1200017F5C /* GPSHandleTests.m in Sources */,
			);
			runOnlyForDeploymentPostprocessing = 0;
		};
/* End PBXSourcesBuildPhase section */

/* Begin PBXTargetDependency section */
		FC5EC7851BA7FC1100017F5C /* PBXTargetDependency */ = {
			isa = PBXTargetDependency;
			target = FC5EC7661BA7FC1100017F5C /* GPSHandle */;
			targetProxy = FC5EC7841BA7FC1100017F5C /* PBXContainerItemProxy */;
		};
/* End PBXTargetDependency section */

/* Begin PBXVariantGroup section */
		FC5EC7771BA7FC1100017F5C /* Main.storyboard */ = {
			isa = PBXVariantGroup;
			children = (
				FC5EC7781BA7FC1100017F5C /* Base */,
			);
			name = Main.storyboard;
			sourceTree = "<group>";
		};
		FC5EC77C1BA7FC1100017F5C /* LaunchScreen.xib */ = {
			isa = PBXVariantGroup;
			children = (
				FC5EC77D1BA7FC1100017F5C /* Base */,
			);
			name = LaunchScreen.xib;
			sourceTree = "<group>";
		};
/* End PBXVariantGroup section */

/* Begin XCBuildConfiguration section */
		FC5EC78B1BA7FC1200017F5C /* Debug */ = {
			isa = XCBuildConfiguration;
			buildSettings = {
				ALWAYS_SEARCH_USER_PATHS = NO;
				CLANG_CXX_LANGUAGE_STANDARD = "gnu++0x";
				CLANG_CXX_LIBRARY = "libc++";
				CLANG_ENABLE_MODULES = YES;
				CLANG_ENABLE_OBJC_ARC = YES;
				CLANG_WARN_BOOL_CONVERSION = YES;
				CLANG_WARN_CONSTANT_CONVERSION = YES;
				CLANG_WARN_DIRECT_OBJC_ISA_USAGE = YES_ERROR;
				CLANG_WARN_EMPTY_BODY = YES;
				CLANG_WARN_ENUM_CONVERSION = YES;
				CLANG_WARN_INT_CONVERSION = YES;
				CLANG_WARN_OBJC_ROOT_CLASS = YES_ERROR;
				CLANG_WARN_UNREACHABLE_CODE = YES;
				CLANG_WARN__DUPLICATE_METHOD_MATCH = YES;
				"CODE_SIGN_IDENTITY[sdk=iphoneos*]" = "iPhone Developer";
				COPY_PHASE_STRIP = NO;
				DEBUG_INFORMATION_FORMAT = "dwarf-with-dsym";
				ENABLE_STRICT_OBJC_MSGSEND = YES;
				GCC_C_LANGUAGE_STANDARD = gnu99;
				GCC_DYNAMIC_NO_PIC = NO;
				GCC_NO_COMMON_BLOCKS = YES;
				GCC_OPTIMIZATION_LEVEL = 0;
				GCC_PREPROCESSOR_DEFINITIONS = (
					"DEBUG=1",
					"$(inherited)",
				);
				GCC_SYMBOLS_PRIVATE_EXTERN = NO;
				GCC_WARN_64_TO_32_BIT_CONVERSION = YES;
				GCC_WARN_ABOUT_RETURN_TYPE = YES_ERROR;
				GCC_WARN_UNDECLARED_SELECTOR = YES;
				GCC_WARN_UNINITIALIZED_AUTOS = YES_AGGRESSIVE;
				GCC_WARN_UNUSED_FUNCTION = YES;
				GCC_WARN_UNUSED_VARIABLE = YES;
				IPHONEOS_DEPLOYMENT_TARGET = 8.4;
				MTL_ENABLE_DEBUG_INFO = YES;
				ONLY_ACTIVE_ARCH = YES;
				SDKROOT = iphoneos;
			};
			name = Debug;
		};
		FC5EC78C1BA7FC1200017F5C /* Release */ = {
			isa = XCBuildConfiguration;
			buildSettings = {
				ALWAYS_SEARCH_USER_PATHS = NO;
				CLANG_CXX_LANGUAGE_STANDARD = "gnu++0x";
				CLANG_CXX_LIBRARY = "libc++";
				CLANG_ENABLE_MODULES = YES;
				CLANG_ENABLE_OBJC_ARC = YES;
				CLANG_WARN_BOOL_CONVERSION = YES;
				CLANG_WARN_CONSTANT_CONVERSION = YES;
				CLANG_WARN_DIRECT_OBJC_ISA_USAGE = YES_ERROR;
				CLANG_WARN_EMPTY_BODY = YES;
				CLANG_WARN_ENUM_CONVERSION = YES;
				CLANG_WARN_INT_CONVERSION = YES;
				CLANG_WARN_OBJC_ROOT_CLASS = YES_ERROR;
				CLANG_WARN_UNREACHABLE_CODE = YES;
				CLANG_WARN__DUPLICATE_METHOD_MATCH = YES;
				"CODE_SIGN_IDENTITY[sdk=iphoneos*]" = "iPhone Developer";
				COPY_PHASE_STRIP = NO;
				DEBUG_INFORMATION_FORMAT = "dwarf-with-dsym";
				ENABLE_NS_ASSERTIONS = NO;
				ENABLE_STRICT_OBJC_MSGSEND = YES;
				GCC_C_LANGUAGE_STANDARD = gnu99;
				GCC_NO_COMMON_BLOCKS = YES;
				GCC_WARN_64_TO_32_BIT_CONVERSION = YES;
				GCC_WARN_ABOUT_RETURN_TYPE = YES_ERROR;
				GCC_WARN_UNDECLARED_SELECTOR = YES;
				GCC_WARN_UNINITIALIZED_AUTOS = YES_AGGRESSIVE;
				GCC_WARN_UNUSED_FUNCTION = YES;
				GCC_WARN_UNUSED_VARIABLE = YES;
				IPHONEOS_DEPLOYMENT_TARGET = 8.4;
				MTL_ENABLE_DEBUG_INFO = NO;
				SDKROOT = iphoneos;
				VALIDATE_PRODUCT = YES;
			};
			name = Release;
		};
		FC5EC78E1BA7FC1200017F5C /* Debug */ = {
			isa = XCBuildConfiguration;
			baseConfigurationReference = DAC2B816E2C60FDCA86973A0 /* Pods.debug.xcconfig */;
			buildSettings = {
				ALWAYS_SEARCH_USER_PATHS = YES;
				ASSETCATALOG_COMPILER_APPICON_NAME = AppIcon;
				GCC_PREFIX_HEADER = GPSHandle/PrefixHeader.pch;
				INFOPLIST_FILE = GPSHandle/Info.plist;
				IPHONEOS_DEPLOYMENT_TARGET = 6.1;
				LD_RUNPATH_SEARCH_PATHS = "$(inherited) @executable_path/Frameworks";
				PRODUCT_NAME = "$(TARGET_NAME)";
				USER_HEADER_SEARCH_PATHS = "";
			};
			name = Debug;
		};
		FC5EC78F1BA7FC1200017F5C /* Release */ = {
			isa = XCBuildConfiguration;
			baseConfigurationReference = A4898B45E6C3A1D25DEDC1A5 /* Pods.release.xcconfig */;
			buildSettings = {
				ALWAYS_SEARCH_USER_PATHS = YES;
				ASSETCATALOG_COMPILER_APPICON_NAME = AppIcon;
				GCC_PREFIX_HEADER = GPSHandle/PrefixHeader.pch;
				INFOPLIST_FILE = GPSHandle/Info.plist;
				IPHONEOS_DEPLOYMENT_TARGET = 6.1;
				LD_RUNPATH_SEARCH_PATHS = "$(inherited) @executable_path/Frameworks";
				PRODUCT_NAME = "$(TARGET_NAME)";
				USER_HEADER_SEARCH_PATHS = "";
			};
			name = Release;
		};
		FC5EC7911BA7FC1200017F5C /* Debug */ = {
			isa = XCBuildConfiguration;
			buildSettings = {
				BUNDLE_LOADER = "$(TEST_HOST)";
				FRAMEWORK_SEARCH_PATHS = (
					"$(SDKROOT)/Developer/Library/Frameworks",
					"$(inherited)",
				);
				GCC_PREPROCESSOR_DEFINITIONS = (
					"DEBUG=1",
					"$(inherited)",
				);
				INFOPLIST_FILE = GPSHandleTests/Info.plist;
				LD_RUNPATH_SEARCH_PATHS = "$(inherited) @executable_path/Frameworks @loader_path/Frameworks";
				PRODUCT_NAME = "$(TARGET_NAME)";
				TEST_HOST = "$(BUILT_PRODUCTS_DIR)/GPSHandle.app/GPSHandle";
			};
			name = Debug;
		};
		FC5EC7921BA7FC1200017F5C /* Release */ = {
			isa = XCBuildConfiguration;
			buildSettings = {
				BUNDLE_LOADER = "$(TEST_HOST)";
				FRAMEWORK_SEARCH_PATHS = (
					"$(SDKROOT)/Developer/Library/Frameworks",
					"$(inherited)",
				);
				INFOPLIST_FILE = GPSHandleTests/Info.plist;
				LD_RUNPATH_SEARCH_PATHS = "$(inherited) @executable_path/Frameworks @loader_path/Frameworks";
				PRODUCT_NAME = "$(TARGET_NAME)";
				TEST_HOST = "$(BUILT_PRODUCTS_DIR)/GPSHandle.app/GPSHandle";
			};
			name = Release;
		};
/* End XCBuildConfiguration section */

/* Begin XCConfigurationList section */
		FC5EC7621BA7FC1100017F5C /* Build configuration list for PBXProject "GPSHandle" */ = {
			isa = XCConfigurationList;
			buildConfigurations = (
				FC5EC78B1BA7FC1200017F5C /* Debug */,
				FC5EC78C1BA7FC1200017F5C /* Release */,
			);
			defaultConfigurationIsVisible = 0;
			defaultConfigurationName = Release;
		};
		FC5EC78D1BA7FC1200017F5C /* Build configuration list for PBXNativeTarget "GPSHandle" */ = {
			isa = XCConfigurationList;
			buildConfigurations = (
				FC5EC78E1BA7FC1200017F5C /* Debug */,
				FC5EC78F1BA7FC1200017F5C /* Release */,
			);
			defaultConfigurationIsVisible = 0;
			defaultConfigurationName = Release;
		};
		FC5EC7901BA7FC1200017F5C /* Build configuration list for PBXNativeTarget "GPSHandleTests" */ = {
			isa = XCConfigurationList;
			buildConfigurations = (
				FC5EC7911BA7FC1200017F5C /* Debug */,
				FC5EC7921BA7FC1200017F5C /* Release */,
			);
			defaultConfigurationIsVisible = 0;
			defaultConfigurationName = Release;
		};
/* End XCConfigurationList section */

/* Begin XCVersionGroup section */
		FC5EC7711BA7FC1100017F5C /* GPSHandle.xcdatamodeld */ = {
			isa = XCVersionGroup;
			children = (
				FC5EC7721BA7FC1100017F5C /* GPSHandle.xcdatamodel */,
			);
			currentVersion = FC5EC7721BA7FC1100017F5C /* GPSHandle.xcdatamodel */;
			path = GPSHandle.xcdatamodeld;
			sourceTree = "<group>";
			versionGroupType = wrapper.xcdatamodel;
		};
/* End XCVersionGroup section */
	};
	rootObject = FC5EC75F1BA7FC1100017F5C /* Project object */;
}
